
Microsoft Visual Studio Solution File, Format Version 12.00
# Visual Studio 15
VisualStudioVersion = 15.0.28307.852
MinimumVisualStudioVersion = 10.0.40219.1
Project("{FAE04EC0-301F-11D3-BF4B-00C04F79EFBC}") = "Reproductor (Star Wars IX)", "Reproductor (Star Wars IX)\Reproductor (Star Wars IX).csproj", "{0E472DB1-26EC-4AF1-BE3F-273C824CE902}"
EndProject
Global
	GlobalSection(SolutionConfigurationPlatforms) = preSolution
		Debug|Any CPU = Debug|Any CPU
		Release|Any CPU = Release|Any CPU
	EndGlobalSection
	GlobalSection(ProjectConfigurationPlatforms) = postSolution
		{0E472DB1-26EC-4AF1-BE3F-273C824CE902}.Debug|Any CPU.ActiveCfg = Debug|Any CPU
		{0E472DB1-26EC-4AF1-BE3F-273C824CE902}.Debug|Any CPU.Build.0 = Debug|Any CPU
		{0E472DB1-26EC-4AF1-BE3F-273C824CE902}.Release|Any CPU.ActiveCfg = Release|Any CPU
		{0E472DB1-26EC-4AF1-BE3F-273C824CE902}.Release|Any CPU.Build.0 = Release|Any CPU
	EndGlobalSection
	GlobalSection(SolutionProperties) = preSolution
		HideSolutionNode = FALSE
	EndGlobalSection
	GlobalSection(ExtensibilityGlobals) = postSolution
		SolutionGuid = {62A27F86-FC4B-4C4C-946D-C6E711C6EC95}
	EndGlobalSection
EndGlobal
